{
  "name": "GANACHE",
  "lockfileVersion": 3,
  "requires": true,
  "packages": {
    "": {
      "dependencies": {
        "use-fireproof": "^0.24.0"
      }
    },
    "node_modules/@adviser/cement": {
      "version": "0.5.2",
      "resolved": "https://registry.npmjs.org/@adviser/cement/-/cement-0.5.2.tgz",
      "integrity": "sha512-bCgOdxHCrBL12JAJNpyzigN3abg1gXcMdfdJaSrdG8nMpfzCAxOXV6dLgp+ZMnzckaBdJ2btDYRl/53B3GJF7Q==",
      "license": "AFL-2.0",
      "dependencies": {
        "ts-essentials": "^10.0.2",
        "yaml": "^2.7.1"
      },
      "bin": {
        "cement": "src/cli/run.sh"
      },
      "engines": {
        "node": ">=20.19.0"
      }
    },
    "node_modules/@adviser/ts-xxhash": {
      "version": "1.0.2",
      "resolved": "https://registry.npmjs.org/@adviser/ts-xxhash/-/ts-xxhash-1.0.2.tgz",
      "integrity": "sha512-WSryk539sIKc1tYAJ+05Fc7HnH+IPOjoGhtmZSXHHibPH1970EvGah0OG7wnPUn/a0gfG51cwQUtMwNosA+kCA==",
      "license": "MIT"
    },
    "node_modules/@fireproof/core-base": {
      "version": "0.24.0",
      "resolved": "https://registry.npmjs.org/@fireproof/core-base/-/core-base-0.24.0.tgz",
      "integrity": "sha512-HEjYNr9SdAEa2B6s/A8RI+MawXZ8dpWYZ2p3FdRjJsiBe/7r1/QSD9cAeJ6Mn4o09UUYJCOpCjwKMgCW7gLmnA==",
      "license": "AFL-2.0",
      "dependencies": {
        "@adviser/cement": "0.5.2",
        "@fireproof/core-blockstore": "0.24.0",
        "@fireproof/core-keybag": "0.24.0",
        "@fireproof/core-runtime": "0.24.0",
        "@fireproof/core-types-base": "0.24.0",
        "@fireproof/core-types-blockstore": "0.24.0",
        "@fireproof/core-types-protocols-cloud": "0.24.0",
        "@fireproof/vendor": "0.24.0",
        "@ipld/dag-cbor": "9.2.5",
        "@web3-storage/pail": "0.6.2",
        "charwise": "3.0.1",
        "prolly-trees": "1.0.4"
      }
    },
    "node_modules/@fireproof/core-blockstore": {
      "version": "0.24.0",
      "resolved": "https://registry.npmjs.org/@fireproof/core-blockstore/-/core-blockstore-0.24.0.tgz",
      "integrity": "sha512-MPt1WGh7VG4iWPXFEG6P0shR9Nv/FTCYI/+XZDrMwUm/Z8q/u4QsywI2WowR3jhJk/Q3EX+KDP284/sF+CBJng==",
      "license": "AFL-2.0",
      "dependencies": {
        "@adviser/cement": "0.5.2",
        "@fireproof/core-gateways-base": "0.24.0",
        "@fireproof/core-gateways-cloud": "0.24.0",
        "@fireproof/core-gateways-file": "0.24.0",
        "@fireproof/core-gateways-indexeddb": "0.24.0",
        "@fireproof/core-gateways-memory": "0.24.0",
        "@fireproof/core-keybag": "0.24.0",
        "@fireproof/core-runtime": "0.24.0",
        "@fireproof/core-types-base": "0.24.0",
        "@fireproof/core-types-blockstore": "0.24.0",
        "@fireproof/core-types-runtime": "0.24.0",
        "@fireproof/vendor": "0.24.0",
        "@ipld/car": "5.4.2",
        "@ipld/dag-cbor": "9.2.5",
        "@ipld/dag-json": "10.2.5",
        "@web3-storage/pail": "0.6.2",
        "multiformats": "13.4.1",
        "p-map": "7.0.4",
        "p-retry": "7.1.0"
      }
    },
    "node_modules/@fireproof/core-device-id": {
      "version": "0.24.0",
      "resolved": "https://registry.npmjs.org/@fireproof/core-device-id/-/core-device-id-0.24.0.tgz",
      "integrity": "sha512-P0TY+lQpf526rD/acOiKjG/f6LuuOm+wRCkra/8tPvSMY4E1YsKtoHJ65+Fqh2bigGkWd5WxVekQijHvtk8XHw==",
      "license": "AFL-2.0",
      "dependencies": {
        "@adviser/cement": "0.5.2",
        "@fireproof/core-keybag": "0.24.0",
        "@fireproof/core-runtime": "0.24.0",
        "@fireproof/core-types-base": "0.24.0",
        "jose": "6.1.2",
        "multiformats": "13.4.1",
        "zod": "4.1.13"
      },
      "engines": {
        "node": ">=20"
      }
    },
    "node_modules/@fireproof/core-gateways-base": {
      "version": "0.24.0",
      "resolved": "https://registry.npmjs.org/@fireproof/core-gateways-base/-/core-gateways-base-0.24.0.tgz",
      "integrity": "sha512-p7rCaygLWXHBkEzPwYjs5yADIE3tCjqDHDKT9En4FHVmBPO3aBOlibaM/dWhhadfYCFP2szeeeKT6DtkmHmXdg==",
      "license": "AFL-2.0",
      "dependencies": {
        "@adviser/cement": "0.5.2",
        "@fireproof/core-runtime": "0.24.0",
        "@fireproof/core-types-base": "0.24.0",
        "@fireproof/core-types-blockstore": "0.24.0",
        "@fireproof/vendor": "0.24.0",
        "@ipld/dag-json": "10.2.5",
        "@web3-storage/pail": "0.6.2"
      }
    },
    "node_modules/@fireproof/core-gateways-cloud": {
      "version": "0.24.0",
      "resolved": "https://registry.npmjs.org/@fireproof/core-gateways-cloud/-/core-gateways-cloud-0.24.0.tgz",
      "integrity": "sha512-SCKflFhTBWX9aIeDRtWoLvITZf0txV5o6BqwHPZ38BRTUUXAlMpHr4xqrAGOBg43ct2rXnKonf6C6M0uSprupA==",
      "license": "AFL-2.0",
      "dependencies": {
        "@adviser/cement": "0.5.2",
        "@fireproof/core-gateways-base": "0.24.0",
        "@fireproof/core-protocols-cloud": "0.24.0",
        "@fireproof/core-runtime": "0.24.0",
        "@fireproof/core-types-base": "0.24.0",
        "@fireproof/core-types-blockstore": "0.24.0",
        "@fireproof/core-types-protocols-cloud": "0.24.0",
        "@fireproof/vendor": "0.24.0",
        "jose": "6.1.2"
      }
    },
    "node_modules/@fireproof/core-gateways-file": {
      "version": "0.24.0",
      "resolved": "https://registry.npmjs.org/@fireproof/core-gateways-file/-/core-gateways-file-0.24.0.tgz",
      "integrity": "sha512-MX/GuV4FWxwfLa9JjZNaCqB/PJsATvK9qlDmzyV1oEj/CHHZkXaiZWxahaPciOAdBYym9Tcfw6stWoppX3F7Og==",
      "license": "AFL-2.0",
      "dependencies": {
        "@adviser/cement": "0.5.2",
        "@fireproof/core-gateways-base": "0.24.0",
        "@fireproof/core-gateways-file-deno": "0.24.0",
        "@fireproof/core-gateways-file-node": "0.24.0",
        "@fireproof/core-runtime": "0.24.0",
        "@fireproof/core-types-base": "0.24.0",
        "@fireproof/core-types-blockstore": "0.24.0",
        "@fireproof/vendor": "0.24.0"
      }
    },
    "node_modules/@fireproof/core-gateways-file-deno": {
      "version": "0.24.0",
      "resolved": "https://registry.npmjs.org/@fireproof/core-gateways-file-deno/-/core-gateways-file-deno-0.24.0.tgz",
      "integrity": "sha512-l0aEtcZMU7HNhJTmyAUY6J3l2O6ajCdDRYp6i8XJ+a09zQftzH9J3efq11xA7tF88Z3swCSQPyoMMZd+6t1KWQ==",
      "license": "AFL-2.0",
      "dependencies": {
        "@adviser/cement": "0.5.2",
        "@fireproof/core-types-base": "0.24.0",
        "@fireproof/vendor": "0.24.0",
        "@types/deno": "2.5.0",
        "@types/node": "24.5.2"
      }
    },
    "node_modules/@fireproof/core-gateways-file-node": {
      "version": "0.24.0",
      "resolved": "https://registry.npmjs.org/@fireproof/core-gateways-file-node/-/core-gateways-file-node-0.24.0.tgz",
      "integrity": "sha512-X2wHVthL+Tt1IHQMUhHxeTi7IdDSbn+Ig2DHYOWJqVKj2W+cvwhq4YE6siVLWYqPmkucgPiQ1K6wgjnpGtEa5A==",
      "license": "AFL-2.0",
      "dependencies": {
        "@adviser/cement": "0.5.2",
        "@fireproof/core-types-base": "0.24.0",
        "@fireproof/vendor": "0.24.0"
      }
    },
    "node_modules/@fireproof/core-gateways-indexeddb": {
      "version": "0.24.0",
      "resolved": "https://registry.npmjs.org/@fireproof/core-gateways-indexeddb/-/core-gateways-indexeddb-0.24.0.tgz",
      "integrity": "sha512-TBvCwMtSxmmxqjy9l8xPulWYwdp8cxpzA+lcYnSEsbj7YZ7wtJnWEwA4mPAdR9LmckUthAhXUBZb3vOOk03/AA==",
      "license": "AFL-2.0",
      "dependencies": {
        "@adviser/cement": "0.5.2",
        "@fireproof/core-gateways-base": "0.24.0",
        "@fireproof/core-runtime": "0.24.0",
        "@fireproof/core-types-base": "0.24.0",
        "@fireproof/core-types-blockstore": "0.24.0",
        "@fireproof/vendor": "0.24.0",
        "idb": "8.0.3"
      }
    },
    "node_modules/@fireproof/core-gateways-memory": {
      "version": "0.24.0",
      "resolved": "https://registry.npmjs.org/@fireproof/core-gateways-memory/-/core-gateways-memory-0.24.0.tgz",
      "integrity": "sha512-TRQm6Z/qXxAY3Y6mKNROVDI+Jta8lMo3J/7HG6xSTDzTOK1ZWQMX4TlOOeVPxpkGko9pioF3yiWmVPkqfcZ9XQ==",
      "license": "AFL-2.0",
      "dependencies": {
        "@adviser/cement": "0.5.2",
        "@fireproof/core-gateways-base": "0.24.0",
        "@fireproof/core-runtime": "0.24.0",
        "@fireproof/core-types-base": "0.24.0",
        "@fireproof/core-types-blockstore": "0.24.0",
        "@fireproof/vendor": "0.24.0"
      }
    },
    "node_modules/@fireproof/core-keybag": {
      "version": "0.24.0",
      "resolved": "https://registry.npmjs.org/@fireproof/core-keybag/-/core-keybag-0.24.0.tgz",
      "integrity": "sha512-vnpmLNoep6752o4dIG1PMIvpWcojT68Nah4NBzT2s1FlO5xm2kpFMftTKkZWNE0bc6rhuBvXnsfjuUx/xg7QZQ==",
      "license": "AFL-2.0",
      "dependencies": {
        "@adviser/cement": "0.5.2",
        "@fireproof/core-gateways-file": "0.24.0",
        "@fireproof/core-gateways-indexeddb": "0.24.0",
        "@fireproof/core-runtime": "0.24.0",
        "@fireproof/core-types-base": "0.24.0",
        "@fireproof/vendor": "0.24.0",
        "jose": "6.1.2",
        "multiformats": "13.4.1",
        "zod": "4.1.13"
      }
    },
    "node_modules/@fireproof/core-protocols-cloud": {
      "version": "0.24.0",
      "resolved": "https://registry.npmjs.org/@fireproof/core-protocols-cloud/-/core-protocols-cloud-0.24.0.tgz",
      "integrity": "sha512-kr0UgLhtSpZJh5ITla16y6ssMuy8I9KvOI3fJOiR32tn9TyWiuR0W4WWfMTjYCCO6rey8V1Y9hzfLGZu/F8ZXA==",
      "license": "AFL-2.0",
      "dependencies": {
        "@adviser/cement": "0.5.2",
        "@fireproof/core-runtime": "0.24.0",
        "@fireproof/core-types-base": "0.24.0",
        "@fireproof/core-types-protocols-cloud": "0.24.0",
        "@fireproof/vendor": "0.24.0",
        "@types/ws": "8.18.1",
        "ws": "8.18.3"
      }
    },
    "node_modules/@fireproof/core-protocols-dashboard": {
      "version": "0.24.0",
      "resolved": "https://registry.npmjs.org/@fireproof/core-protocols-dashboard/-/core-protocols-dashboard-0.24.0.tgz",
      "integrity": "sha512-2iya/VbHzGNanh5F9efYdhivln+JxxQLu5vJ0JCPL0xwVdvD3MxwLxaLhOvZEfmOl46uFTZBU5MvHauPtZXloA==",
      "license": "AFL-2.0",
      "dependencies": {
        "@adviser/cement": "0.5.2",
        "@fireproof/core-device-id": "0.24.0",
        "@fireproof/core-runtime": "0.24.0",
        "@fireproof/core-types-base": "0.24.0",
        "@fireproof/core-types-protocols-cloud": "0.24.0",
        "@fireproof/vendor": "0.24.0",
        "zod": "4.1.13"
      }
    },
    "node_modules/@fireproof/core-runtime": {
      "version": "0.24.0",
      "resolved": "https://registry.npmjs.org/@fireproof/core-runtime/-/core-runtime-0.24.0.tgz",
      "integrity": "sha512-32dFnXmdyu7lKSDp/Kn1t+CURPaVGAAJuPX8Sb+d44O7OzJnzjC/MaPf0LNBq0JF4rwgX8/BsHMpTnZVv2s9/g==",
      "license": "AFL-2.0",
      "dependencies": {
        "@adviser/cement": "0.5.2",
        "@adviser/ts-xxhash": "1.0.2",
        "@fireproof/core-types-base": "0.24.0",
        "@fireproof/core-types-blockstore": "0.24.0",
        "@fireproof/core-types-protocols-cloud": "0.24.0",
        "@fireproof/core-types-runtime": "0.24.0",
        "@fireproof/vendor": "0.24.0",
        "cborg": "4.3.1",
        "jose": "6.1.2",
        "multiformats": "13.4.1",
        "zod": "4.1.13"
      }
    },
    "node_modules/@fireproof/core-types-base": {
      "version": "0.24.0",
      "resolved": "https://registry.npmjs.org/@fireproof/core-types-base/-/core-types-base-0.24.0.tgz",
      "integrity": "sha512-S1W0KfCxUm7GZyG03JQerDsimgaFEVaHzL3hXzcs3xkex78IDBvbWGNlv4YXfy2TXVMEkRl54CW+n6rW5EVxZg==",
      "license": "AFL-2.0",
      "dependencies": {
        "@adviser/cement": "0.5.2",
        "@fireproof/core-types-blockstore": "0.24.0",
        "@fireproof/vendor": "0.24.0",
        "@web3-storage/pail": "0.6.2",
        "jose": "6.1.2",
        "multiformats": "13.4.1",
        "prolly-trees": "1.0.4",
        "zod": "4.1.13"
      }
    },
    "node_modules/@fireproof/core-types-blockstore": {
      "version": "0.24.0",
      "resolved": "https://registry.npmjs.org/@fireproof/core-types-blockstore/-/core-types-blockstore-0.24.0.tgz",
      "integrity": "sha512-EoIV/GOm7bmzzWr8NKukuihY2chZGEPN3tNL0DVSDhFK6X0TnaSikq3UOT7p9L7qUkXNl5J9p+KwSEC6Kv3OPw==",
      "license": "AFL-2.0",
      "dependencies": {
        "@adviser/cement": "0.5.2",
        "@fireproof/core-types-base": "0.24.0",
        "@fireproof/core-types-runtime": "0.24.0",
        "@fireproof/vendor": "0.24.0",
        "@web3-storage/pail": "0.6.2",
        "multiformats": "13.4.1"
      }
    },
    "node_modules/@fireproof/core-types-protocols-cloud": {
      "version": "0.24.0",
      "resolved": "https://registry.npmjs.org/@fireproof/core-types-protocols-cloud/-/core-types-protocols-cloud-0.24.0.tgz",
      "integrity": "sha512-EIa9j9Yr+KoIoHFiGkhHrE4r2EL5nzOJr6OVRuuTeKtHingPbI9nYTJ7/uebaKjQayir8yM84WVkPu7wln3zUQ==",
      "license": "AFL-2.0",
      "dependencies": {
        "@adviser/cement": "0.5.2",
        "@fireproof/core-types-base": "0.24.0",
        "@fireproof/core-types-blockstore": "0.24.0",
        "@fireproof/vendor": "0.24.0",
        "jose": "6.1.2",
        "multiformats": "13.4.1",
        "zod": "4.1.13"
      }
    },
    "node_modules/@fireproof/core-types-runtime": {
      "version": "0.24.0",
      "resolved": "https://registry.npmjs.org/@fireproof/core-types-runtime/-/core-types-runtime-0.24.0.tgz",
      "integrity": "sha512-PX3ZJ35wTFdkf9OyS7aOJYex0JIz8aqkty/o0GqpNJJAm59Voy6JAX0gHCUOaclxXjROrL3P5Y30ZenkUZYsvA==",
      "license": "AFL-2.0",
      "dependencies": {
        "@adviser/cement": "0.5.2",
        "@fireproof/vendor": "0.24.0",
        "multiformats": "13.4.1"
      }
    },
    "node_modules/@fireproof/vendor": {
      "version": "0.24.0",
      "resolved": "https://registry.npmjs.org/@fireproof/vendor/-/vendor-0.24.0.tgz",
      "integrity": "sha512-JGb9pittOQ1Q/MxGRv1Bnr3JbAU7Q03oRyihFw43G6rZqG72mzXRsmYHsm3+ZZKA2IJX+lNkRg3OO7H1555k/g==",
      "license": "AFL-2.0",
      "dependencies": {
        "@adviser/cement": "0.5.2",
        "yocto-queue": "1.2.2"
      }
    },
    "node_modules/@ipld/car": {
      "version": "5.4.2",
      "resolved": "https://registry.npmjs.org/@ipld/car/-/car-5.4.2.tgz",
      "integrity": "sha512-gfyrJvePyXnh2Fbj8mPg4JYvEZ3izhk8C9WgAle7xIYbrJNSXmNQ6BxAls8Gof97vvGbCROdxbTWRmHJtTCbcg==",
      "license": "Apache-2.0 OR MIT",
      "dependencies": {
        "@ipld/dag-cbor": "^9.0.7",
        "cborg": "^4.0.5",
        "multiformats": "^13.0.0",
        "varint": "^6.0.0"
      },
      "engines": {
        "node": ">=16.0.0",
        "npm": ">=7.0.0"
      }
    },
    "node_modules/@ipld/dag-cbor": {
      "version": "9.2.5",
      "resolved": "https://registry.npmjs.org/@ipld/dag-cbor/-/dag-cbor-9.2.5.tgz",
      "integrity": "sha512-84wSr4jv30biui7endhobYhXBQzQE4c/wdoWlFrKcfiwH+ofaPg8fwsM8okX9cOzkkrsAsNdDyH3ou+kiLquwQ==",
      "license": "Apache-2.0 OR MIT",
      "dependencies": {
        "cborg": "^4.0.0",
        "multiformats": "^13.1.0"
      },
      "engines": {
        "node": ">=16.0.0",
        "npm": ">=7.0.0"
      }
    },
    "node_modules/@ipld/dag-json": {
      "version": "10.2.5",
      "resolved": "https://registry.npmjs.org/@ipld/dag-json/-/dag-json-10.2.5.tgz",
      "integrity": "sha512-Q4Fr3IBDEN8gkpgNefynJ4U/ZO5Kwr7WSUMBDbZx0c37t0+IwQCTM9yJh8l5L4SRFjm31MuHwniZ/kM+P7GQ3Q==",
      "license": "Apache-2.0 OR MIT",
      "dependencies": {
        "cborg": "^4.0.0",
        "multiformats": "^13.1.0"
      },
      "engines": {
        "node": ">=16.0.0",
        "npm": ">=7.0.0"
      }
    },
    "node_modules/@types/deno": {
      "version": "2.5.0",
      "resolved": "https://registry.npmjs.org/@types/deno/-/deno-2.5.0.tgz",
      "integrity": "sha512-g8JS38vmc0S87jKsFzre+0ZyMOUDHPVokEJymSCRlL57h6f/FdKPWBXgdFh3Z8Ees9sz11qt9VWELU9Y9ZkiVw==",
      "license": "MIT"
    },
    "node_modules/@types/node": {
      "version": "24.5.2",
      "resolved": "https://registry.npmjs.org/@types/node/-/node-24.5.2.tgz",
      "integrity": "sha512-FYxk1I7wPv3K2XBaoyH2cTnocQEu8AOZ60hPbsyukMPLv5/5qr7V1i8PLHdl6Zf87I+xZXFvPCXYjiTFq+YSDQ==",
      "license": "MIT",
      "dependencies": {
        "undici-types": "~7.12.0"
      }
    },
    "node_modules/@types/trusted-types": {
      "version": "2.0.7",
      "resolved": "https://registry.npmjs.org/@types/trusted-types/-/trusted-types-2.0.7.tgz",
      "integrity": "sha512-ScaPdn1dQczgbl0QFTeTOmVHFULt394XJgOQNoyVhZ6r2vLnMLJfBPd53SB52T/3G36VI1/g2MZaX0cwDuXsfw==",
      "license": "MIT",
      "optional": true
    },
    "node_modules/@types/ws": {
      "version": "8.18.1",
      "resolved": "https://registry.npmjs.org/@types/ws/-/ws-8.18.1.tgz",
      "integrity": "sha512-ThVF6DCVhA8kUGy+aazFQ4kXQ7E1Ty7A3ypFOe0IcJV8O/M511G99AW24irKrW56Wt44yG9+ij8FaqoBGkuBXg==",
      "license": "MIT",
      "dependencies": {
        "@types/node": "*"
      }
    },
    "node_modules/@web3-storage/pail": {
      "version": "0.6.2",
      "resolved": "https://registry.npmjs.org/@web3-storage/pail/-/pail-0.6.2.tgz",
      "integrity": "sha512-MVbFWF6q8L22k8CGp7GHkfNeZc56nPQmERHq5PUC0haUrkai0QNmhD7HkHpNY7Kjg+ws1yeN7pg2bfGj4NyExw==",
      "license": "Apache-2.0 OR MIT",
      "dependencies": {
        "@ipld/car": "^5.4.0",
        "@ipld/dag-cbor": "^9.2.2",
        "archy": "^1.0.0",
        "carstream": "^2.0.0",
        "cli-color": "^2.0.3",
        "multiformats": "^13.3.2",
        "sade": "^1.8.1"
      },
      "bin": {
        "pail": "dist/cli.js",
        "pail-gen": "dist/scripts/words/gen.js",
        "pail-propernames": "scripts/propernames/gen.sh",
        "pail-randomcid": "dist/scripts/randomcid.js"
      }
    },
    "node_modules/archy": {
      "version": "1.0.0",
      "resolved": "https://registry.npmjs.org/archy/-/archy-1.0.0.tgz",
      "integrity": "sha512-Xg+9RwCg/0p32teKdGMPTPnVXKD0w3DfHnFTficozsAgsvq2XenPJq/MYpzzQ/v8zrOyJn6Ds39VA4JIDwFfqw==",
      "license": "MIT"
    },
    "node_modules/base64-js": {
      "version": "1.5.1",
      "resolved": "https://registry.npmjs.org/base64-js/-/base64-js-1.5.1.tgz",
      "integrity": "sha512-AKpaYlHn8t4SVbOHCy+b5+KKgvR4vrsD8vbvrbiQJps7fKDTkjkDry6ji0rUJjC0kzbNePLwzxq8iypo41qeWA==",
      "funding": [
        {
          "type": "github",
          "url": "https://github.com/sponsors/feross"
        },
        {
          "type": "patreon",
          "url": "https://www.patreon.com/feross"
        },
        {
          "type": "consulting",
          "url": "https://feross.org/support"
        }
      ],
      "license": "MIT"
    },
    "node_modules/big-integer": {
      "version": "1.6.52",
      "resolved": "https://registry.npmjs.org/big-integer/-/big-integer-1.6.52.tgz",
      "integrity": "sha512-QxD8cf2eVqJOOz63z6JIN9BzvVs/dlySa5HGSBH5xtR8dPteIRQnBxxKqkNTiT6jbDTF6jAfrd4oMcND9RGbQg==",
      "license": "Unlicense",
      "engines": {
        "node": ">=0.6"
      }
    },
    "node_modules/bl": {
      "version": "4.1.0",
      "resolved": "https://registry.npmjs.org/bl/-/bl-4.1.0.tgz",
      "integrity": "sha512-1W07cM9gS6DcLperZfFSj+bWLtaPGSOHWhPiGzXmvVJbRLdG82sH/Kn8EtW1VqWVA54AKf2h5k5BbnIbwF3h6w==",
      "license": "MIT",
      "dependencies": {
        "buffer": "^5.5.0",
        "inherits": "^2.0.4",
        "readable-stream": "^3.4.0"
      }
    },
    "node_modules/buffer": {
      "version": "5.7.1",
      "resolved": "https://registry.npmjs.org/buffer/-/buffer-5.7.1.tgz",
      "integrity": "sha512-EHcyIPBQ4BSGlvjB16k5KgAJ27CIsHY/2JBmCRReo48y9rQ3MaUzWX3KVlBa4U7MyX02HdVj0K7C3WaB3ju7FQ==",
      "funding": [
        {
          "type": "github",
          "url": "https://github.com/sponsors/feross"
        },
        {
          "type": "patreon",
          "url": "https://www.patreon.com/feross"
        },
        {
          "type": "consulting",
          "url": "https://feross.org/support"
        }
      ],
      "license": "MIT",
      "dependencies": {
        "base64-js": "^1.3.1",
        "ieee754": "^1.1.13"
      }
    },
    "node_modules/carstream": {
      "version": "2.3.0",
      "resolved": "https://registry.npmjs.org/carstream/-/carstream-2.3.0.tgz",
      "integrity": "sha512-2YwFg5Kxs2tqVCJv7sthWbYoUpALCYBBfTdpQcpicV7ipi6bBb1h9M4MNb1vm+724f39lUNp5VWhW43IFxfPlA==",
      "license": "Apache-2.0 OR MIT",
      "dependencies": {
        "@ipld/dag-cbor": "^9.0.3",
        "multiformats": "^13.0.1",
        "uint8arraylist": "^2.4.3"
      }
    },
    "node_modules/cborg": {
      "version": "4.3.1",
      "resolved": "https://registry.npmjs.org/cborg/-/cborg-4.3.1.tgz",
      "integrity": "sha512-zLyEPKHqdX08yiyMzm3A/QdurLDB1XVGB3RWJa8PykCXNpLxhlyWToM4g+0Vo+6Q6txrdvAOfdC0ZBaxG0qw2g==",
      "license": "Apache-2.0",
      "bin": {
        "cborg": "lib/bin.js"
      }
    },
    "node_modules/charwise": {
      "version": "3.0.1",
      "resolved": "https://registry.npmjs.org/charwise/-/charwise-3.0.1.tgz",
      "integrity": "sha512-RcdumNsM6fJZ5HHbYunqj2bpurVRGsXour3OR+SlLEHFhG6ALm54i6Osnh+OvO7kEoSBzwExpblYFH8zKQiEPw==",
      "license": "MIT"
    },
    "node_modules/cli-color": {
      "version": "2.0.4",
      "resolved": "https://registry.npmjs.org/cli-color/-/cli-color-2.0.4.tgz",
      "integrity": "sha512-zlnpg0jNcibNrO7GG9IeHH7maWFeCz+Ja1wx/7tZNU5ASSSSZ+/qZciM0/LHCYxSdqv5h2sdbQ/PXYdOuetXvA==",
      "license": "ISC",
      "dependencies": {
        "d": "^1.0.1",
        "es5-ext": "^0.10.64",
        "es6-iterator": "^2.0.3",
        "memoizee": "^0.4.15",
        "timers-ext": "^0.1.7"
      },
      "engines": {
        "node": ">=0.10"
      }
    },
    "node_modules/d": {
      "version": "1.0.2",
      "resolved": "https://registry.npmjs.org/d/-/d-1.0.2.tgz",
      "integrity": "sha512-MOqHvMWF9/9MX6nza0KgvFH4HpMU0EF5uUDXqX/BtxtU8NfB0QzRtJ8Oe/6SuS4kbhyzVJwjd97EA4PKrzJ8bw==",
      "license": "ISC",
      "dependencies": {
        "es5-ext": "^0.10.64",
        "type": "^2.7.2"
      },
      "engines": {
        "node": ">=0.12"
      }
    },
    "node_modules/dompurify": {
      "version": "3.3.0",
      "resolved": "https://registry.npmjs.org/dompurify/-/dompurify-3.3.0.tgz",
      "integrity": "sha512-r+f6MYR1gGN1eJv0TVQbhA7if/U7P87cdPl3HN5rikqaBSBxLiCb/b9O+2eG0cxz0ghyU+mU1QkbsOwERMYlWQ==",
      "license": "(MPL-2.0 OR Apache-2.0)",
      "optionalDependencies": {
        "@types/trusted-types": "^2.0.7"
      }
    },
    "node_modules/es5-ext": {
      "version": "0.10.64",
      "resolved": "https://registry.npmjs.org/es5-ext/-/es5-ext-0.10.64.tgz",
      "integrity": "sha512-p2snDhiLaXe6dahss1LddxqEm+SkuDvV8dnIQG0MWjyHpcMNfXKPE+/Cc0y+PhxJX3A4xGNeFCj5oc0BUh6deg==",
      "hasInstallScript": true,
      "license": "ISC",
      "dependencies": {
        "es6-iterator": "^2.0.3",
        "es6-symbol": "^3.1.3",
        "esniff": "^2.0.1",
        "next-tick": "^1.1.0"
      },
      "engines": {
        "node": ">=0.10"
      }
    },
    "node_modules/es6-iterator": {
      "version": "2.0.3",
      "resolved": "https://registry.npmjs.org/es6-iterator/-/es6-iterator-2.0.3.tgz",
      "integrity": "sha512-zw4SRzoUkd+cl+ZoE15A9o1oQd920Bb0iOJMQkQhl3jNc03YqVjAhG7scf9C5KWRU/R13Orf588uCC6525o02g==",
      "license": "MIT",
      "dependencies": {
        "d": "1",
        "es5-ext": "^0.10.35",
        "es6-symbol": "^3.1.1"
      }
    },
    "node_modules/es6-symbol": {
      "version": "3.1.4",
      "resolved": "https://registry.npmjs.org/es6-symbol/-/es6-symbol-3.1.4.tgz",
      "integrity": "sha512-U9bFFjX8tFiATgtkJ1zg25+KviIXpgRvRHS8sau3GfhVzThRQrOeksPeT0BWW2MNZs1OEWJ1DPXOQMn0KKRkvg==",
      "license": "ISC",
      "dependencies": {
        "d": "^1.0.2",
        "ext": "^1.7.0"
      },
      "engines": {
        "node": ">=0.12"
      }
    },
    "node_modules/es6-weak-map": {
      "version": "2.0.3",
      "resolved": "https://registry.npmjs.org/es6-weak-map/-/es6-weak-map-2.0.3.tgz",
      "integrity": "sha512-p5um32HOTO1kP+w7PRnB+5lQ43Z6muuMuIMffvDN8ZB4GcnjLBV6zGStpbASIMk4DCAvEaamhe2zhyCb/QXXsA==",
      "license": "ISC",
      "dependencies": {
        "d": "1",
        "es5-ext": "^0.10.46",
        "es6-iterator": "^2.0.3",
        "es6-symbol": "^3.1.1"
      }
    },
    "node_modules/esniff": {
      "version": "2.0.1",
      "resolved": "https://registry.npmjs.org/esniff/-/esniff-2.0.1.tgz",
      "integrity": "sha512-kTUIGKQ/mDPFoJ0oVfcmyJn4iBDRptjNVIzwIFR7tqWXdVI9xfA2RMwY/gbSpJG3lkdWNEjLap/NqVHZiJsdfg==",
      "license": "ISC",
      "dependencies": {
        "d": "^1.0.1",
        "es5-ext": "^0.10.62",
        "event-emitter": "^0.3.5",
        "type": "^2.7.2"
      },
      "engines": {
        "node": ">=0.10"
      }
    },
    "node_modules/event-emitter": {
      "version": "0.3.5",
      "resolved": "https://registry.npmjs.org/event-emitter/-/event-emitter-0.3.5.tgz",
      "integrity": "sha512-D9rRn9y7kLPnJ+hMq7S/nhvoKwwvVJahBi2BPmx3bvbsEdK3W9ii8cBSGjP+72/LnM4n6fo3+dkCX5FeTQruXA==",
      "license": "MIT",
      "dependencies": {
        "d": "1",
        "es5-ext": "~0.10.14"
      }
    },
    "node_modules/ext": {
      "version": "1.7.0",
      "resolved": "https://registry.npmjs.org/ext/-/ext-1.7.0.tgz",
      "integrity": "sha512-6hxeJYaL110a9b5TEJSj0gojyHQAmA2ch5Os+ySCiA1QGdS697XWY1pzsrSjqA9LDEEgdB/KypIlR59RcLuHYw==",
      "license": "ISC",
      "dependencies": {
        "type": "^2.7.2"
      }
    },
    "node_modules/idb": {
      "version": "8.0.3",
      "resolved": "https://registry.npmjs.org/idb/-/idb-8.0.3.tgz",
      "integrity": "sha512-LtwtVyVYO5BqRvcsKuB2iUMnHwPVByPCXFXOpuU96IZPPoPN6xjOGxZQ74pgSVVLQWtUOYgyeL4GE98BY5D3wg==",
      "license": "ISC"
    },
    "node_modules/ieee754": {
      "version": "1.2.1",
      "resolved": "https://registry.npmjs.org/ieee754/-/ieee754-1.2.1.tgz",
      "integrity": "sha512-dcyqhDvX1C46lXZcVqCpK+FtMRQVdIMN6/Df5js2zouUsqG7I6sFxitIC+7KYK29KdXOLHdu9zL4sFnoVQnqaA==",
      "funding": [
        {
          "type": "github",
          "url": "https://github.com/sponsors/feross"
        },
        {
          "type": "patreon",
          "url": "https://www.patreon.com/feross"
        },
        {
          "type": "consulting",
          "url": "https://feross.org/support"
        }
      ],
      "license": "BSD-3-Clause"
    },
    "node_modules/inherits": {
      "version": "2.0.4",
      "resolved": "https://registry.npmjs.org/inherits/-/inherits-2.0.4.tgz",
      "integrity": "sha512-k/vGaX4/Yla3WzyMCvTQOXYeIHvqOKtnqBduzTHpzpQZzAskKMhZ2K+EnBiSM9zGSoIFeMpXKxa4dYeZIQqewQ==",
      "license": "ISC"
    },
    "node_modules/is-network-error": {
      "version": "1.3.0",
      "resolved": "https://registry.npmjs.org/is-network-error/-/is-network-error-1.3.0.tgz",
      "integrity": "sha512-6oIwpsgRfnDiyEDLMay/GqCl3HoAtH5+RUKW29gYkL0QA+ipzpDLA16yQs7/RHCSu+BwgbJaOUqa4A99qNVQVw==",
      "license": "MIT",
      "engines": {
        "node": ">=16"
      },
      "funding": {
        "url": "https://github.com/sponsors/sindresorhus"
      }
    },
    "node_modules/is-promise": {
      "version": "2.2.2",
      "resolved": "https://registry.npmjs.org/is-promise/-/is-promise-2.2.2.tgz",
      "integrity": "sha512-+lP4/6lKUBfQjZ2pdxThZvLUAafmZb8OAxFb8XXtiQmS35INgr85hdOGoEs124ez1FCnZJt6jau/T+alh58QFQ==",
      "license": "MIT"
    },
    "node_modules/jose": {
      "version": "6.1.2",
      "resolved": "https://registry.npmjs.org/jose/-/jose-6.1.2.tgz",
      "integrity": "sha512-MpcPtHLE5EmztuFIqB0vzHAWJPpmN1E6L4oo+kze56LIs3MyXIj9ZHMDxqOvkP38gBR7K1v3jqd4WU2+nrfONQ==",
      "license": "MIT",
      "funding": {
        "url": "https://github.com/sponsors/panva"
      }
    },
    "node_modules/lru-queue": {
      "version": "0.1.0",
      "resolved": "https://registry.npmjs.org/lru-queue/-/lru-queue-0.1.0.tgz",
      "integrity": "sha512-BpdYkt9EvGl8OfWHDQPISVpcl5xZthb+XPsbELj5AQXxIC8IriDZIQYjBJPEm5rS420sjZ0TLEzRcq5KdBhYrQ==",
      "license": "MIT",
      "dependencies": {
        "es5-ext": "~0.10.2"
      }
    },
    "node_modules/memoizee": {
      "version": "0.4.17",
      "resolved": "https://registry.npmjs.org/memoizee/-/memoizee-0.4.17.tgz",
      "integrity": "sha512-DGqD7Hjpi/1or4F/aYAspXKNm5Yili0QDAFAY4QYvpqpgiY6+1jOfqpmByzjxbWd/T9mChbCArXAbDAsTm5oXA==",
      "license": "ISC",
      "dependencies": {
        "d": "^1.0.2",
        "es5-ext": "^0.10.64",
        "es6-weak-map": "^2.0.3",
        "event-emitter": "^0.3.5",
        "is-promise": "^2.2.2",
        "lru-queue": "^0.1.0",
        "next-tick": "^1.1.0",
        "timers-ext": "^0.1.7"
      },
      "engines": {
        "node": ">=0.12"
      }
    },
    "node_modules/mri": {
      "version": "1.2.0",
      "resolved": "https://registry.npmjs.org/mri/-/mri-1.2.0.tgz",
      "integrity": "sha512-tzzskb3bG8LvYGFF/mDTpq3jpI6Q9wc3LEmBaghu+DdCssd1FakN7Bc0hVNmEyGq1bq3RgfkCb3cmQLpNPOroA==",
      "license": "MIT",
      "engines": {
        "node": ">=4"
      }
    },
    "node_modules/multiformats": {
      "version": "13.4.1",
      "resolved": "https://registry.npmjs.org/multiformats/-/multiformats-13.4.1.tgz",
      "integrity": "sha512-VqO6OSvLrFVAYYjgsr8tyv62/rCQhPgsZUXLTqoFLSgdkgiUYKYeArbt1uWLlEpkjxQe+P0+sHlbPEte1Bi06Q==",
      "license": "Apache-2.0 OR MIT"
    },
    "node_modules/next-tick": {
      "version": "1.1.0",
      "resolved": "https://registry.npmjs.org/next-tick/-/next-tick-1.1.0.tgz",
      "integrity": "sha512-CXdUiJembsNjuToQvxayPZF9Vqht7hewsvy2sOWafLvi2awflj9mOC6bHIg50orX8IJvWKY9wYQ/zB2kogPslQ==",
      "license": "ISC"
    },
    "node_modules/node-sql-parser": {
      "version": "3.9.4",
      "resolved": "https://registry.npmjs.org/node-sql-parser/-/node-sql-parser-3.9.4.tgz",
      "integrity": "sha512-U8xa/QBpNz/dc4BERBkMg//XTrBDcj0uIg5YDYPV4ChYgHPEw4JhoT5YWTxQuKBg/3C1kfkTO4MuEYw7fCYHJw==",
      "license": "GPLv2",
      "dependencies": {
        "big-integer": "^1.6.48"
      },
      "engines": {
        "node": ">=8"
      }
    },
    "node_modules/p-map": {
      "version": "7.0.4",
      "resolved": "https://registry.npmjs.org/p-map/-/p-map-7.0.4.tgz",
      "integrity": "sha512-tkAQEw8ysMzmkhgw8k+1U/iPhWNhykKnSk4Rd5zLoPJCuJaGRPo6YposrZgaxHKzDHdDWWZvE/Sk7hsL2X/CpQ==",
      "license": "MIT",
      "engines": {
        "node": ">=18"
      },
      "funding": {
        "url": "https://github.com/sponsors/sindresorhus"
      }
    },
    "node_modules/p-retry": {
      "version": "7.1.0",
      "resolved": "https://registry.npmjs.org/p-retry/-/p-retry-7.1.0.tgz",
      "integrity": "sha512-xL4PiFRQa/f9L9ZvR4/gUCRNus4N8YX80ku8kv9Jqz+ZokkiZLM0bcvX0gm1F3PDi9SPRsww1BDsTWgE6Y1GLQ==",
      "license": "MIT",
      "dependencies": {
        "is-network-error": "^1.1.0"
      },
      "engines": {
        "node": ">=20"
      },
      "funding": {
        "url": "https://github.com/sponsors/sindresorhus"
      }
    },
    "node_modules/prolly-trees": {
      "version": "1.0.4",
      "resolved": "https://registry.npmjs.org/prolly-trees/-/prolly-trees-1.0.4.tgz",
      "integrity": "sha512-vtnxfw5wnUHbGa0IIIk9B9DRztJWZw+t9d0s0iGxY/VzEGCg2EMl8GgGU3EhSquFLWapwbGjFTL1ipbezaXR3g==",
      "license": "(Apache-2.0 AND MIT)",
      "dependencies": {
        "bl": "^4.0.3",
        "node-sql-parser": "^3.1.0"
      }
    },
    "node_modules/react": {
      "version": "19.2.0",
      "resolved": "https://registry.npmjs.org/react/-/react-19.2.0.tgz",
      "integrity": "sha512-tmbWg6W31tQLeB5cdIBOicJDJRR2KzXsV7uSK9iNfLWQ5bIZfxuPEHp7M8wiHyHnn0DD1i7w3Zmin0FtkrwoCQ==",
      "license": "MIT",
      "engines": {
        "node": ">=0.10.0"
      }
    },
    "node_modules/readable-stream": {
      "version": "3.6.2",
      "resolved": "https://registry.npmjs.org/readable-stream/-/readable-stream-3.6.2.tgz",
      "integrity": "sha512-9u/sniCrY3D5WdsERHzHE4G2YCXqoG5FTHUiCC4SIbr6XcLZBY05ya9EKjYek9O5xOAwjGq+1JdGBAS7Q9ScoA==",
      "license": "MIT",
      "dependencies": {
        "inherits": "^2.0.3",
        "string_decoder": "^1.1.1",
        "util-deprecate": "^1.0.1"
      },
      "engines": {
        "node": ">= 6"
      }
    },
    "node_modules/sade": {
      "version": "1.8.1",
      "resolved": "https://registry.npmjs.org/sade/-/sade-1.8.1.tgz",
      "integrity": "sha512-xal3CZX1Xlo/k4ApwCFrHVACi9fBqJ7V+mwhBsuf/1IOKbBy098Fex+Wa/5QMubw09pSZ/u8EY8PWgevJsXp1A==",
      "license": "MIT",
      "dependencies": {
        "mri": "^1.1.0"
      },
      "engines": {
        "node": ">=6"
      }
    },
    "node_modules/safe-buffer": {
      "version": "5.2.1",
      "resolved": "https://registry.npmjs.org/safe-buffer/-/safe-buffer-5.2.1.tgz",
      "integrity": "sha512-rp3So07KcdmmKbGvgaNxQSJr7bGVSVk5S9Eq1F+ppbRo70+YeaDxkw5Dd8NPN+GD6bjnYm2VuPuCXmpuYvmCXQ==",
      "funding": [
        {
          "type": "github",
          "url": "https://github.com/sponsors/feross"
        },
        {
          "type": "patreon",
          "url": "https://www.patreon.com/feross"
        },
        {
          "type": "consulting",
          "url": "https://feross.org/support"
        }
      ],
      "license": "MIT"
    },
    "node_modules/string_decoder": {
      "version": "1.3.0",
      "resolved": "https://registry.npmjs.org/string_decoder/-/string_decoder-1.3.0.tgz",
      "integrity": "sha512-hkRX8U1WjJFd8LsDJ2yQ/wWWxaopEsABU1XfkM8A+j0+85JAGppt16cr1Whg6KIbb4okU6Mql6BOj+uup/wKeA==",
      "license": "MIT",
      "dependencies": {
        "safe-buffer": "~5.2.0"
      }
    },
    "node_modules/timers-ext": {
      "version": "0.1.8",
      "resolved": "https://registry.npmjs.org/timers-ext/-/timers-ext-0.1.8.tgz",
      "integrity": "sha512-wFH7+SEAcKfJpfLPkrgMPvvwnEtj8W4IurvEyrKsDleXnKLCDw71w8jltvfLa8Rm4qQxxT4jmDBYbJG/z7qoww==",
      "license": "ISC",
      "dependencies": {
        "es5-ext": "^0.10.64",
        "next-tick": "^1.1.0"
      },
      "engines": {
        "node": ">=0.12"
      }
    },
    "node_modules/ts-essentials": {
      "version": "10.1.1",
      "resolved": "https://registry.npmjs.org/ts-essentials/-/ts-essentials-10.1.1.tgz",
      "integrity": "sha512-4aTB7KLHKmUvkjNj8V+EdnmuVTiECzn3K+zIbRthumvHu+j44x3w63xpfs0JL3NGIzGXqoQ7AV591xHO+XrOTw==",
      "license": "MIT",
      "peerDependencies": {
        "typescript": ">=4.5.0"
      },
      "peerDependenciesMeta": {
        "typescript": {
          "optional": true
        }
      }
    },
    "node_modules/type": {
      "version": "2.7.3",
      "resolved": "https://registry.npmjs.org/type/-/type-2.7.3.tgz",
      "integrity": "sha512-8j+1QmAbPvLZow5Qpi6NCaN8FB60p/6x8/vfNqOk/hC+HuvFZhL4+WfekuhQLiqFZXOgQdrs3B+XxEmCc6b3FQ==",
      "license": "ISC"
    },
    "node_modules/uint8arraylist": {
      "version": "2.4.8",
      "resolved": "https://registry.npmjs.org/uint8arraylist/-/uint8arraylist-2.4.8.tgz",
      "integrity": "sha512-vc1PlGOzglLF0eae1M8mLRTBivsvrGsdmJ5RbK3e+QRvRLOZfZhQROTwH/OfyF3+ZVUg9/8hE8bmKP2CvP9quQ==",
      "license": "Apache-2.0 OR MIT",
      "dependencies": {
        "uint8arrays": "^5.0.1"
      }
    },
    "node_modules/uint8arrays": {
      "version": "5.1.0",
      "resolved": "https://registry.npmjs.org/uint8arrays/-/uint8arrays-5.1.0.tgz",
      "integrity": "sha512-vA6nFepEmlSKkMBnLBaUMVvAC4G3CTmO58C12y4sq6WPDOR7mOFYOi7GlrQ4djeSbP6JG9Pv9tJDM97PedRSww==",
      "license": "Apache-2.0 OR MIT",
      "dependencies": {
        "multiformats": "^13.0.0"
      }
    },
    "node_modules/undici-types": {
      "version": "7.12.0",
      "resolved": "https://registry.npmjs.org/undici-types/-/undici-types-7.12.0.tgz",
      "integrity": "sha512-goOacqME2GYyOZZfb5Lgtu+1IDmAlAEu5xnD3+xTzS10hT0vzpf0SPjkXwAw9Jm+4n/mQGDP3LO8CPbYROeBfQ==",
      "license": "MIT"
    },
    "node_modules/use-fireproof": {
      "version": "0.24.0",
      "resolved": "https://registry.npmjs.org/use-fireproof/-/use-fireproof-0.24.0.tgz",
      "integrity": "sha512-LvuGVkkSfMiMO0EZc9CmCwqGHGEFvt3FwbphIDb7Gb9IduFeFaHocfpv4YhKNOyVfOGv12KaJp020X7lHYvTQg==",
      "license": "AFL-2.0",
      "dependencies": {
        "@adviser/cement": "0.5.2",
        "@fireproof/core-base": "0.24.0",
        "@fireproof/core-gateways-cloud": "0.24.0",
        "@fireproof/core-keybag": "0.24.0",
        "@fireproof/core-protocols-dashboard": "0.24.0",
        "@fireproof/core-runtime": "0.24.0",
        "@fireproof/core-types-base": "0.24.0",
        "@fireproof/core-types-blockstore": "0.24.0",
        "@fireproof/core-types-protocols-cloud": "0.24.0",
        "@fireproof/vendor": "0.24.0",
        "dompurify": "3.3.0",
        "jose": "6.1.2",
        "react": "19.2.0",
        "ts-essentials": "10.1.1"
      },
      "peerDependencies": {
        "@adviser/cement": ">=0.4.20",
        "react": ">=18.0.0"
      }
    },
    "node_modules/util-deprecate": {
      "version": "1.0.2",
      "resolved": "https://registry.npmjs.org/util-deprecate/-/util-deprecate-1.0.2.tgz",
      "integrity": "sha512-EPD5q1uXyFxJpCrLnCc1nHnq3gOa6DZBocAIiI2TaSCA7VCJ1UJDMagCzIkXNsUYfD1daK//LTEQ8xiIbrHtcw==",
      "license": "MIT"
    },
    "node_modules/varint": {
      "version": "6.0.0",
      "resolved": "https://registry.npmjs.org/varint/-/varint-6.0.0.tgz",
      "integrity": "sha512-cXEIW6cfr15lFv563k4GuVuW/fiwjknytD37jIOLSdSWuOI6WnO/oKwmP2FQTU2l01LP8/M5TSAJpzUaGe3uWg==",
      "license": "MIT"
    },
    "node_modules/ws": {
      "version": "8.18.3",
      "resolved": "https://registry.npmjs.org/ws/-/ws-8.18.3.tgz",
      "integrity": "sha512-PEIGCY5tSlUt50cqyMXfCzX+oOPqN0vuGqWzbcJ2xvnkzkq46oOpz7dQaTDBdfICb4N14+GARUDw2XV2N4tvzg==",
      "license": "MIT",
      "engines": {
        "node": ">=10.0.0"
      },
      "peerDependencies": {
        "bufferutil": "^4.0.1",
        "utf-8-validate": ">=5.0.2"
      },
      "peerDependenciesMeta": {
        "bufferutil": {
          "optional": true
        },
        "utf-8-validate": {
          "optional": true
        }
      }
    },
    "node_modules/yaml": {
      "version": "2.8.2",
      "resolved": "https://registry.npmjs.org/yaml/-/yaml-2.8.2.tgz",
      "integrity": "sha512-mplynKqc1C2hTVYxd0PU2xQAc22TI1vShAYGksCCfxbn/dFwnHTNi1bvYsBTkhdUNtGIf5xNOg938rrSSYvS9A==",
      "license": "ISC",
      "bin": {
        "yaml": "bin.mjs"
      },
      "engines": {
        "node": ">= 14.6"
      },
      "funding": {
        "url": "https://github.com/sponsors/eemeli"
      }
    },
    "node_modules/yocto-queue": {
      "version": "1.2.2",
      "resolved": "https://registry.npmjs.org/yocto-queue/-/yocto-queue-1.2.2.tgz",
      "integrity": "sha512-4LCcse/U2MHZ63HAJVE+v71o7yOdIe4cZ70Wpf8D/IyjDKYQLV5GD46B+hSTjJsvV5PztjvHoU580EftxjDZFQ==",
      "license": "MIT",
      "engines": {
        "node": ">=12.20"
      },
      "funding": {
        "url": "https://github.com/sponsors/sindresorhus"
      }
    },
    "node_modules/zod": {
      "version": "4.1.13",
      "resolved": "https://registry.npmjs.org/zod/-/zod-4.1.13.tgz",
      "integrity": "sha512-AvvthqfqrAhNH9dnfmrfKzX5upOdjUVJYFqNSlkmGf64gRaTzlPwz99IHYnVs28qYAybvAlBV+H7pn0saFY4Ig==",
      "license": "MIT",
      "funding": {
        "url": "https://github.com/sponsors/colinhacks"
      }
    }
  }
}
